
Microsoft Visual Studio Solution File, Format Version 12.00
# Visual Studio Version 17
VisualStudioVersion = 17.11.35312.102
MinimumVisualStudioVersion = 10.0.40219.1
Project("{FAE04EC0-301F-11D3-BF4B-00C04F79EFBC}") = "MedWebApp", "MedWebApp.csproj", "{2A7A2F5D-E2F6-4C16-A38E-71ED33D27451}"
EndProject
Global
	GlobalSection(SolutionConfigurationPlatforms) = preSolution
		Debug|Any CPU = Debug|Any CPU
		Release|Any CPU = Release|Any CPU
	EndGlobalSection
	GlobalSection(ProjectConfigurationPlatforms) = postSolution
		{2A7A2F5D-E2F6-4C16-A38E-71ED33D27451}.Debug|Any CPU.ActiveCfg = Debug|Any CPU
		{2A7A2F5D-E2F6-4C16-A38E-71ED33D27451}.Debug|Any CPU.Build.0 = Debug|Any CPU
		{2A7A2F5D-E2F6-4C16-A38E-71ED33D27451}.Release|Any CPU.ActiveCfg = Release|Any CPU
		{2A7A2F5D-E2F6-4C16-A38E-71ED33D27451}.Release|Any CPU.Build.0 = Release|Any CPU
	EndGlobalSection
	GlobalSection(SolutionProperties) = preSolution
		HideSolutionNode = FALSE
	EndGlobalSection
	GlobalSection(ExtensibilityGlobals) = postSolution
		SolutionGuid = {1374C303-AD96-41EF-8EF9-0400B6257041}
	EndGlobalSection
EndGlobal
